
Microsoft Visual Studio Solution File, Format Version 12.00
# Visual Studio Version 16
VisualStudioVersion = 16.0.31410.357
MinimumVisualStudioVersion = 10.0.40219.1
Project("{FAE04EC0-301F-11D3-BF4B-00C04F79EFBC}") = "TpFinal", "TpFinal\TpFinal.csproj", "{033F9E1E-5A35-4FB8-9E90-1F8E8FF89191}"
EndProject
Global
	GlobalSection(SolutionConfigurationPlatforms) = preSolution
		Debug|Any CPU = Debug|Any CPU
		Release|Any CPU = Release|Any CPU
	EndGlobalSection
	GlobalSection(ProjectConfigurationPlatforms) = postSolution
		{033F9E1E-5A35-4FB8-9E90-1F8E8FF89191}.Debug|Any CPU.ActiveCfg = Debug|Any CPU
		{033F9E1E-5A35-4FB8-9E90-1F8E8FF89191}.Debug|Any CPU.Build.0 = Debug|Any CPU
		{033F9E1E-5A35-4FB8-9E90-1F8E8FF89191}.Release|Any CPU.ActiveCfg = Release|Any CPU
		{033F9E1E-5A35-4FB8-9E90-1F8E8FF89191}.Release|Any CPU.Build.0 = Release|Any CPU
	EndGlobalSection
	GlobalSection(SolutionProperties) = preSolution
		HideSolutionNode = FALSE
	EndGlobalSection
	GlobalSection(ExtensibilityGlobals) = postSolution
		SolutionGuid = {4F079575-C4AD-4BAE-9F5A-A21811E99DAB}
	EndGlobalSection
EndGlobal
